
Microsoft Visual Studio Solution File, Format Version 11.00
# Visual Studio 2010
Project("{2150E333-8FDC-42A3-9474-1A3956D46DE8}") = "Backup", "Backup", "{235553D5-4CF1-4488-AC1B-474E33F3175E}"
	ProjectSection(SolutionItems) = preProject
		Backup\Shove.DAL.10.rar = Backup\Shove.DAL.10.rar
		Backup\Shove.DAL.20.rar = Backup\Shove.DAL.20.rar
		Backup\Shove.FTP.UploadContorl.rar = Backup\Shove.FTP.UploadContorl.rar
		Backup\Shove.Web.UI.2 For.NET 2.0.rar = Backup\Shove.Web.UI.2 For.NET 2.0.rar
		Backup\Shove.Web.UI.3 For.NET 2.0.rar = Backup\Shove.Web.UI.3 For.NET 2.0.rar
		Backup\ShoveEL.10.rar = Backup\ShoveEL.10.rar
	EndProjectSection
EndProject
Project("{2150E333-8FDC-42A3-9474-1A3956D46DE8}") = "Tools", "Tools", "{3A7B46E7-D09D-4475-9789-3CCF3DCF41F1}"
	ProjectSection(SolutionItems) = preProject
		Shove.Tools\Shove.Tools.AutoRarBackup.rar = Shove.Tools\Shove.Tools.AutoRarBackup.rar
		Shove.Tools\Shove.Tools.BaiduBrowser.rar = Shove.Tools\Shove.Tools.BaiduBrowser.rar
		Shove.Tools\Shove.Tools.CaptureScreen.rar = Shove.Tools\Shove.Tools.CaptureScreen.rar
		Shove.Tools\Shove.Tools.CaptureScreenView.rar = Shove.Tools\Shove.Tools.CaptureScreenView.rar
		Shove.Tools\Shove.Tools.CleanFiles.rar = Shove.Tools\Shove.Tools.CleanFiles.rar
		Shove.Tools\Shove.Tools.CopyFileToProjects.rar = Shove.Tools\Shove.Tools.CopyFileToProjects.rar
		Shove.Tools\Shove.Tools.FileBackup.rar = Shove.Tools\Shove.Tools.FileBackup.rar
		Shove.Tools\Shove.Tools.GenConnectionString.rar = Shove.Tools\Shove.Tools.GenConnectionString.rar
		Shove.Tools\Shove.Tools.HostExchange.rar = Shove.Tools\Shove.Tools.HostExchange.rar
		Shove.Tools\Shove.Tools.JavaProjectKeygen.rar = Shove.Tools\Shove.Tools.JavaProjectKeygen.rar
		Shove.Tools\Shove.Tools.PatchEditConnectionString.rar = Shove.Tools\Shove.Tools.PatchEditConnectionString.rar
		Shove.Tools\Shove.Tools.QQPassword.rar = Shove.Tools\Shove.Tools.QQPassword.rar
		Shove.Tools\Shove.Tools.RecordUrlLogReader.rar = Shove.Tools\Shove.Tools.RecordUrlLogReader.rar
		Shove.Tools\Shove.Tools.RegexTest.rar = Shove.Tools\Shove.Tools.RegexTest.rar
		Shove.Tools\Shove.Tools.Server.ScaleImage.rar = Shove.Tools\Shove.Tools.Server.ScaleImage.rar
		Shove.Tools\Shove.Tools.Server.Win2003Security.rar = Shove.Tools\Shove.Tools.Server.Win2003Security.rar
		Shove.Tools\Shove.Tools.ServerUnzip.rar = Shove.Tools\Shove.Tools.ServerUnzip.rar
		Shove.Tools\Shove.Tools.SocketServerDemo.rar = Shove.Tools\Shove.Tools.SocketServerDemo.rar
		Shove.Tools\Shove.Tools.Wave.rar = Shove.Tools\Shove.Tools.Wave.rar
		Shove.Tools\Shove.Tools.XiniuyunRCZip.rar = Shove.Tools\Shove.Tools.XiniuyunRCZip.rar
		Shove.Tools\ShoveDatabaseFactoryDemo.rar = Shove.Tools\ShoveDatabaseFactoryDemo.rar
		Shove.Tools\ShoveNetflowViewer.rar = Shove.Tools\ShoveNetflowViewer.rar
		Shove.Tools\ShoveWebPart.SiteUpgrade.Tool.rar = Shove.Tools\ShoveWebPart.SiteUpgrade.Tool.rar
		Shove.Tools\ShoveWebPartLicense.rar = Shove.Tools\ShoveWebPartLicense.rar
		Shove.Tools\英迈思提案阅读器.rar = Shove.Tools\英迈思提案阅读器.rar
	EndProjectSection
EndProject
Project("{2150E333-8FDC-42A3-9474-1A3956D46DE8}") = "Documents", "Documents", "{AC2F44D9-5914-45BF-B354-2839881FBFE3}"
	ProjectSection(SolutionItems) = preProject
		Documents\Shove.doc = Documents\Shove.doc
	EndProjectSection
EndProject
Project("{2150E333-8FDC-42A3-9474-1A3956D46DE8}") = "Shove.Web.UI.4", "Shove.Web.UI.4", "{F53C3247-3FAE-435B-9CCB-A03692C1FCE0}"
EndProject
Project("{2150E333-8FDC-42A3-9474-1A3956D46DE8}") = "Examples", "Examples", "{9FB1D816-DABF-439B-81EB-D3E3E0FD35D7}"
EndProject
Project("{FAE04EC0-301F-11D3-BF4B-00C04F79EFBC}") = "Shove", "Shove\Shove.csproj", "{2C06FF39-1352-4E30-BABC-3BA1ACB0B434}"
EndProject
Project("{FAE04EC0-301F-11D3-BF4B-00C04F79EFBC}") = "SLS.Security", "SLS.Security\SLS.Security.csproj", "{CF8CC6EE-4471-432F-8BE2-C6B129BD8650}"
EndProject
Project("{FAE04EC0-301F-11D3-BF4B-00C04F79EFBC}") = "AjaxPro", "AjaxPro\AjaxPro.csproj", "{9AD42568-07A4-4D8B-9C6D-1FD54683EF4B}"
EndProject
Project("{FAE04EC0-301F-11D3-BF4B-00C04F79EFBC}") = "Shove.Web.UI.4 For.NET 2.0", "Shove.Web.UI.4\Shove.Web.UI.4 For.NET 2.0\Shove.Web.UI.4 For.NET 2.0.csproj", "{C38AB7E6-A20C-4ADD-B90F-762BAE5525AE}"
EndProject
Project("{FAE04EC0-301F-11D3-BF4B-00C04F79EFBC}") = "Shove.Web.UI.4 For.NET 3.5", "Shove.Web.UI.4\Shove.Web.UI.4 For.NET 3.5\Shove.Web.UI.4 For.NET 3.5.csproj", "{1ABB47A1-C174-4263-8734-A86CC9E0E824}"
EndProject
Project("{FAE04EC0-301F-11D3-BF4B-00C04F79EFBC}") = "Shove.Web.UI.4 For Mono 2.0", "Shove.Web.UI.4\Shove.Web.UI.4 For Mono 2.0\Shove.Web.UI.4 For Mono 2.0.csproj", "{3061F2D3-806F-4E79-8828-10B04E151197}"
EndProject
Project("{FAE04EC0-301F-11D3-BF4B-00C04F79EFBC}") = "Tcp_Socket", "Examples\Tcp_Socket\Tcp_Socket.csproj", "{53A5B6B9-1284-4024-B740-32D9E4CBBDE1}"
EndProject
Project("{FAE04EC0-301F-11D3-BF4B-00C04F79EFBC}") = "Regex_MatchEvaluator", "Examples\Regex_MatchEvaluator\Regex_MatchEvaluator.csproj", "{8ABBDFC3-BFDF-4570-B087-74E06EA1200C}"
EndProject
Project("{FAE04EC0-301F-11D3-BF4B-00C04F79EFBC}") = "Shove.Tools.Newton.Attack", "Shove.Tools\Shove.Tools.Newton.Attack\Shove.Tools.Newton.Attack.csproj", "{D65729C8-6FEC-4851-9718-3DCF65A37D3E}"
EndProject
Project("{FAE04EC0-301F-11D3-BF4B-00C04F79EFBC}") = "Shove.Web.UI.4.1 For.NET 2.0", "Shove.Web.UI.4\Shove.Web.UI.4.1 For.NET 2.0\Shove.Web.UI.4.1 For.NET 2.0.csproj", "{20EEA24F-1FD8-4F30-956C-0B1CC6017DF0}"
EndProject
Project("{FAE04EC0-301F-11D3-BF4B-00C04F79EFBC}") = "Shove.Web.UI.4.2 For.NET 3.5", "Shove.Web.UI.4\Shove.Web.UI.4.2 For.NET 3.5\Shove.Web.UI.4.2 For.NET 3.5.csproj", "{6C4F70E8-4F0B-43D1-A498-57119A220F2E}"
EndProject
Project("{FAE04EC0-301F-11D3-BF4B-00C04F79EFBC}") = "Shove.DAL", "Shove.DAL\Shove.DAL.csproj", "{076B3858-B112-4143-9103-8379334A9192}"
EndProject
Project("{FAE04EC0-301F-11D3-BF4B-00C04F79EFBC}") = "Shove.Components", "Shove.Components\Shove.Components.csproj", "{DB304EEB-EA2B-4D26-B688-6595B4AFE262}"
EndProject
Project("{FAE04EC0-301F-11D3-BF4B-00C04F79EFBC}") = "Shove.Tools.DBConvert", "Shove.Tools\Shove.Tools.DBConvert\Shove.Tools.DBConvert.csproj", "{EA27FBC7-5B62-45F8-954E-53313862C5C5}"
EndProject
Project("{FAE04EC0-301F-11D3-BF4B-00C04F79EFBC}") = "Shove.Tools.QrCode", "Shove.Tools\Shove.Tools.QrCode\Shove.Tools.QrCode.csproj", "{C9BAF744-B070-41A4-9A63-A6BCAC5B3391}"
EndProject
Project("{2150E333-8FDC-42A3-9474-1A3956D46DE8}") = "WebSites", "WebSites", "{8807198B-C191-40E7-9F50-1129A4796928}"
EndProject
Project("{E24C65DC-7377-472B-9ABA-BC803B73C61A}") = "Shove.Newton", "WebSites\Shove.Newton\", "{090FB365-FCD9-4F4D-8094-526987E2A12B}"
	ProjectSection(WebsiteProperties) = preProject
		TargetFrameworkMoniker = ".NETFramework,Version%3Dv2.0"
		Debug.AspNetCompiler.VirtualPath = "/Shove.Newton"
		Debug.AspNetCompiler.PhysicalPath = "WebSites\Shove.Newton\"
		Debug.AspNetCompiler.TargetPath = "PrecompiledWeb\Shove.Newton\"
		Debug.AspNetCompiler.Updateable = "true"
		Debug.AspNetCompiler.ForceOverwrite = "true"
		Debug.AspNetCompiler.FixedNames = "false"
		Debug.AspNetCompiler.Debug = "True"
		Release.AspNetCompiler.VirtualPath = "/Shove.Newton"
		Release.AspNetCompiler.PhysicalPath = "WebSites\Shove.Newton\"
		Release.AspNetCompiler.TargetPath = "PrecompiledWeb\Shove.Newton\"
		Release.AspNetCompiler.Updateable = "true"
		Release.AspNetCompiler.ForceOverwrite = "true"
		Release.AspNetCompiler.FixedNames = "false"
		Release.AspNetCompiler.Debug = "False"
		VWDPort = "5267"
	EndProjectSection
EndProject
Project("{E24C65DC-7377-472B-9ABA-BC803B73C61A}") = "Shove.WeixinGongzhongTest", "WebSites\Shove.WeixinGongzhongTest\", "{3A3F5CCA-457A-49B3-971B-43CA9A87ED94}"
	ProjectSection(WebsiteProperties) = preProject
		TargetFrameworkMoniker = ".NETFramework,Version%3Dv2.0"
		ProjectReferences = "{2C06FF39-1352-4E30-BABC-3BA1ACB0B434}|Shove.dll;{DB304EEB-EA2B-4D26-B688-6595B4AFE262}|Shove.Components.dll;"
		Debug.AspNetCompiler.VirtualPath = "/Shove.WeixinGongzhongTest"
		Debug.AspNetCompiler.PhysicalPath = "WebSites\Shove.WeixinGongzhongTest\"
		Debug.AspNetCompiler.TargetPath = "PrecompiledWeb\Shove.WeixinGongzhongTest\"
		Debug.AspNetCompiler.Updateable = "true"
		Debug.AspNetCompiler.ForceOverwrite = "true"
		Debug.AspNetCompiler.FixedNames = "false"
		Debug.AspNetCompiler.Debug = "True"
		Release.AspNetCompiler.VirtualPath = "/Shove.WeixinGongzhongTest"
		Release.AspNetCompiler.PhysicalPath = "WebSites\Shove.WeixinGongzhongTest\"
		Release.AspNetCompiler.TargetPath = "PrecompiledWeb\Shove.WeixinGongzhongTest\"
		Release.AspNetCompiler.Updateable = "true"
		Release.AspNetCompiler.ForceOverwrite = "true"
		Release.AspNetCompiler.FixedNames = "false"
		Release.AspNetCompiler.Debug = "False"
		VWDPort = "27381"
		DefaultWebSiteLanguage = "Visual C#"
	EndProjectSection
EndProject
Project("{E24C65DC-7377-472B-9ABA-BC803B73C61A}") = "Shove.InjectionInterceptorTest", "WebSites\Shove.InjectionInterceptorTest\", "{9EE3FA0C-D9BD-418A-A009-630236E6C4F7}"
	ProjectSection(WebsiteProperties) = preProject
		TargetFrameworkMoniker = ".NETFramework,Version%3Dv2.0"
		ProjectReferences = "{2C06FF39-1352-4E30-BABC-3BA1ACB0B434}|Shove.dll;{DB304EEB-EA2B-4D26-B688-6595B4AFE262}|Shove.Components.dll;"
		Debug.AspNetCompiler.VirtualPath = "/Shove.InjectionInterceptorTest"
		Debug.AspNetCompiler.PhysicalPath = "WebSites\Shove.InjectionInterceptorTest\"
		Debug.AspNetCompiler.TargetPath = "PrecompiledWeb\Shove.InjectionInterceptorTest\"
		Debug.AspNetCompiler.Updateable = "true"
		Debug.AspNetCompiler.ForceOverwrite = "true"
		Debug.AspNetCompiler.FixedNames = "false"
		Debug.AspNetCompiler.Debug = "True"
		Release.AspNetCompiler.VirtualPath = "/Shove.InjectionInterceptorTest"
		Release.AspNetCompiler.PhysicalPath = "WebSites\Shove.InjectionInterceptorTest\"
		Release.AspNetCompiler.TargetPath = "PrecompiledWeb\Shove.InjectionInterceptorTest\"
		Release.AspNetCompiler.Updateable = "true"
		Release.AspNetCompiler.ForceOverwrite = "true"
		Release.AspNetCompiler.FixedNames = "false"
		Release.AspNetCompiler.Debug = "False"
		VWDPort = "1151"
	EndProjectSection
EndProject
Global
	GlobalSection(SolutionConfigurationPlatforms) = preSolution
		Debug|.NET = Debug|.NET
		Debug|Any CPU = Debug|Any CPU
		Debug|Mixed Platforms = Debug|Mixed Platforms
		Debug|x86 = Debug|x86
		Release|.NET = Release|.NET
		Release|Any CPU = Release|Any CPU
		Release|Mixed Platforms = Release|Mixed Platforms
		Release|x86 = Release|x86
	EndGlobalSection
	GlobalSection(ProjectConfigurationPlatforms) = postSolution
		{2C06FF39-1352-4E30-BABC-3BA1ACB0B434}.Debug|.NET.ActiveCfg = Debug|Any CPU
		{2C06FF39-1352-4E30-BABC-3BA1ACB0B434}.Debug|Any CPU.ActiveCfg = Debug|Any CPU
		{2C06FF39-1352-4E30-BABC-3BA1ACB0B434}.Debug|Mixed Platforms.ActiveCfg = Debug|Any CPU
		{2C06FF39-1352-4E30-BABC-3BA1ACB0B434}.Debug|x86.ActiveCfg = Debug|Any CPU
		{2C06FF39-1352-4E30-BABC-3BA1ACB0B434}.Release|.NET.ActiveCfg = Release|Any CPU
		{2C06FF39-1352-4E30-BABC-3BA1ACB0B434}.Release|Any CPU.ActiveCfg = Release|Any CPU
		{2C06FF39-1352-4E30-BABC-3BA1ACB0B434}.Release|Mixed Platforms.ActiveCfg = Release|Any CPU
		{2C06FF39-1352-4E30-BABC-3BA1ACB0B434}.Release|x86.ActiveCfg = Release|Any CPU
		{CF8CC6EE-4471-432F-8BE2-C6B129BD8650}.Debug|.NET.ActiveCfg = Debug|Any CPU
		{CF8CC6EE-4471-432F-8BE2-C6B129BD8650}.Debug|Any CPU.ActiveCfg = Debug|Any CPU
		{CF8CC6EE-4471-432F-8BE2-C6B129BD8650}.Debug|Mixed Platforms.ActiveCfg = Debug|Any CPU
		{CF8CC6EE-4471-432F-8BE2-C6B129BD8650}.Debug|x86.ActiveCfg = Debug|Any CPU
		{CF8CC6EE-4471-432F-8BE2-C6B129BD8650}.Release|.NET.ActiveCfg = Release|Any CPU
		{CF8CC6EE-4471-432F-8BE2-C6B129BD8650}.Release|Any CPU.ActiveCfg = Release|Any CPU
		{CF8CC6EE-4471-432F-8BE2-C6B129BD8650}.Release|Mixed Platforms.ActiveCfg = Release|Any CPU
		{CF8CC6EE-4471-432F-8BE2-C6B129BD8650}.Release|x86.ActiveCfg = Release|Any CPU
		{9AD42568-07A4-4D8B-9C6D-1FD54683EF4B}.Debug|.NET.ActiveCfg = Debug|Any CPU
		{9AD42568-07A4-4D8B-9C6D-1FD54683EF4B}.Debug|Any CPU.ActiveCfg = Debug|Any CPU
		{9AD42568-07A4-4D8B-9C6D-1FD54683EF4B}.Debug|Mixed Platforms.ActiveCfg = Debug|Any CPU
		{9AD42568-07A4-4D8B-9C6D-1FD54683EF4B}.Debug|x86.ActiveCfg = Debug|Any CPU
		{9AD42568-07A4-4D8B-9C6D-1FD54683EF4B}.Release|.NET.ActiveCfg = Release|Any CPU
		{9AD42568-07A4-4D8B-9C6D-1FD54683EF4B}.Release|Any CPU.ActiveCfg = Release|Any CPU
		{9AD42568-07A4-4D8B-9C6D-1FD54683EF4B}.Release|Mixed Platforms.ActiveCfg = Release|Any CPU
		{9AD42568-07A4-4D8B-9C6D-1FD54683EF4B}.Release|x86.ActiveCfg = Release|Any CPU
		{C38AB7E6-A20C-4ADD-B90F-762BAE5525AE}.Debug|.NET.ActiveCfg = Debug|Any CPU
		{C38AB7E6-A20C-4ADD-B90F-762BAE5525AE}.Debug|Any CPU.ActiveCfg = Debug|Any CPU
		{C38AB7E6-A20C-4ADD-B90F-762BAE5525AE}.Debug|Mixed Platforms.ActiveCfg = Debug|Any CPU
		{C38AB7E6-A20C-4ADD-B90F-762BAE5525AE}.Debug|x86.ActiveCfg = Debug|Any CPU
		{C38AB7E6-A20C-4ADD-B90F-762BAE5525AE}.Release|.NET.ActiveCfg = Release|Any CPU
		{C38AB7E6-A20C-4ADD-B90F-762BAE5525AE}.Release|Any CPU.ActiveCfg = Release|Any CPU
		{C38AB7E6-A20C-4ADD-B90F-762BAE5525AE}.Release|Mixed Platforms.ActiveCfg = Release|Any CPU
		{C38AB7E6-A20C-4ADD-B90F-762BAE5525AE}.Release|x86.ActiveCfg = Release|Any CPU
		{1ABB47A1-C174-4263-8734-A86CC9E0E824}.Debug|.NET.ActiveCfg = Debug|Any CPU
		{1ABB47A1-C174-4263-8734-A86CC9E0E824}.Debug|Any CPU.ActiveCfg = Debug|Any CPU
		{1ABB47A1-C174-4263-8734-A86CC9E0E824}.Debug|Mixed Platforms.ActiveCfg = Debug|Any CPU
		{1ABB47A1-C174-4263-8734-A86CC9E0E824}.Debug|x86.ActiveCfg = Debug|Any CPU
		{1ABB47A1-C174-4263-8734-A86CC9E0E824}.Release|.NET.ActiveCfg = Release|Any CPU
		{1ABB47A1-C174-4263-8734-A86CC9E0E824}.Release|Any CPU.ActiveCfg = Release|Any CPU
		{1ABB47A1-C174-4263-8734-A86CC9E0E824}.Release|Mixed Platforms.ActiveCfg = Release|Any CPU
		{1ABB47A1-C174-4263-8734-A86CC9E0E824}.Release|x86.ActiveCfg = Release|Any CPU
		{3061F2D3-806F-4E79-8828-10B04E151197}.Debug|.NET.ActiveCfg = Debug|Any CPU
		{3061F2D3-806F-4E79-8828-10B04E151197}.Debug|Any CPU.ActiveCfg = Debug|Any CPU
		{3061F2D3-806F-4E79-8828-10B04E151197}.Debug|Mixed Platforms.ActiveCfg = Debug|Any CPU
		{3061F2D3-806F-4E79-8828-10B04E151197}.Debug|x86.ActiveCfg = Debug|Any CPU
		{3061F2D3-806F-4E79-8828-10B04E151197}.Release|.NET.ActiveCfg = Release|Any CPU
		{3061F2D3-806F-4E79-8828-10B04E151197}.Release|Any CPU.ActiveCfg = Release|Any CPU
		{3061F2D3-806F-4E79-8828-10B04E151197}.Release|Mixed Platforms.ActiveCfg = Release|Any CPU
		{3061F2D3-806F-4E79-8828-10B04E151197}.Release|x86.ActiveCfg = Release|Any CPU
		{53A5B6B9-1284-4024-B740-32D9E4CBBDE1}.Debug|.NET.ActiveCfg = Debug|Any CPU
		{53A5B6B9-1284-4024-B740-32D9E4CBBDE1}.Debug|Any CPU.ActiveCfg = Debug|Any CPU
		{53A5B6B9-1284-4024-B740-32D9E4CBBDE1}.Debug|Mixed Platforms.ActiveCfg = Debug|Any CPU
		{53A5B6B9-1284-4024-B740-32D9E4CBBDE1}.Debug|x86.ActiveCfg = Debug|Any CPU
		{53A5B6B9-1284-4024-B740-32D9E4CBBDE1}.Release|.NET.ActiveCfg = Release|Any CPU
		{53A5B6B9-1284-4024-B740-32D9E4CBBDE1}.Release|Any CPU.ActiveCfg = Release|Any CPU
		{53A5B6B9-1284-4024-B740-32D9E4CBBDE1}.Release|Mixed Platforms.ActiveCfg = Release|Any CPU
		{53A5B6B9-1284-4024-B740-32D9E4CBBDE1}.Release|x86.ActiveCfg = Release|Any CPU
		{8ABBDFC3-BFDF-4570-B087-74E06EA1200C}.Debug|.NET.ActiveCfg = Debug|Any CPU
		{8ABBDFC3-BFDF-4570-B087-74E06EA1200C}.Debug|Any CPU.ActiveCfg = Debug|Any CPU
		{8ABBDFC3-BFDF-4570-B087-74E06EA1200C}.Debug|Mixed Platforms.ActiveCfg = Debug|Any CPU
		{8ABBDFC3-BFDF-4570-B087-74E06EA1200C}.Debug|x86.ActiveCfg = Debug|Any CPU
		{8ABBDFC3-BFDF-4570-B087-74E06EA1200C}.Release|.NET.ActiveCfg = Release|Any CPU
		{8ABBDFC3-BFDF-4570-B087-74E06EA1200C}.Release|Any CPU.ActiveCfg = Release|Any CPU
		{8ABBDFC3-BFDF-4570-B087-74E06EA1200C}.Release|Mixed Platforms.ActiveCfg = Release|Any CPU
		{8ABBDFC3-BFDF-4570-B087-74E06EA1200C}.Release|x86.ActiveCfg = Release|Any CPU
		{D65729C8-6FEC-4851-9718-3DCF65A37D3E}.Debug|.NET.ActiveCfg = Debug|Any CPU
		{D65729C8-6FEC-4851-9718-3DCF65A37D3E}.Debug|Any CPU.ActiveCfg = Debug|Any CPU
		{D65729C8-6FEC-4851-9718-3DCF65A37D3E}.Debug|Mixed Platforms.ActiveCfg = Debug|Any CPU
		{D65729C8-6FEC-4851-9718-3DCF65A37D3E}.Debug|x86.ActiveCfg = Debug|Any CPU
		{D65729C8-6FEC-4851-9718-3DCF65A37D3E}.Release|.NET.ActiveCfg = Release|Any CPU
		{D65729C8-6FEC-4851-9718-3DCF65A37D3E}.Release|Any CPU.ActiveCfg = Release|Any CPU
		{D65729C8-6FEC-4851-9718-3DCF65A37D3E}.Release|Mixed Platforms.ActiveCfg = Release|Any CPU
		{D65729C8-6FEC-4851-9718-3DCF65A37D3E}.Release|x86.ActiveCfg = Release|Any CPU
		{20EEA24F-1FD8-4F30-956C-0B1CC6017DF0}.Debug|.NET.ActiveCfg = Debug|Any CPU
		{20EEA24F-1FD8-4F30-956C-0B1CC6017DF0}.Debug|Any CPU.ActiveCfg = Debug|Any CPU
		{20EEA24F-1FD8-4F30-956C-0B1CC6017DF0}.Debug|Mixed Platforms.ActiveCfg = Debug|Any CPU
		{20EEA24F-1FD8-4F30-956C-0B1CC6017DF0}.Debug|x86.ActiveCfg = Debug|Any CPU
		{20EEA24F-1FD8-4F30-956C-0B1CC6017DF0}.Release|.NET.ActiveCfg = Release|Any CPU
		{20EEA24F-1FD8-4F30-956C-0B1CC6017DF0}.Release|Any CPU.ActiveCfg = Release|Any CPU
		{20EEA24F-1FD8-4F30-956C-0B1CC6017DF0}.Release|Mixed Platforms.ActiveCfg = Release|Any CPU
		{20EEA24F-1FD8-4F30-956C-0B1CC6017DF0}.Release|x86.ActiveCfg = Release|Any CPU
		{6C4F70E8-4F0B-43D1-A498-57119A220F2E}.Debug|.NET.ActiveCfg = Debug|Any CPU
		{6C4F70E8-4F0B-43D1-A498-57119A220F2E}.Debug|Any CPU.ActiveCfg = Debug|Any CPU
		{6C4F70E8-4F0B-43D1-A498-57119A220F2E}.Debug|Mixed Platforms.ActiveCfg = Debug|Any CPU
		{6C4F70E8-4F0B-43D1-A498-57119A220F2E}.Debug|x86.ActiveCfg = Debug|Any CPU
		{6C4F70E8-4F0B-43D1-A498-57119A220F2E}.Release|.NET.ActiveCfg = Release|Any CPU
		{6C4F70E8-4F0B-43D1-A498-57119A220F2E}.Release|Any CPU.ActiveCfg = Release|Any CPU
		{6C4F70E8-4F0B-43D1-A498-57119A220F2E}.Release|Mixed Platforms.ActiveCfg = Release|Any CPU
		{6C4F70E8-4F0B-43D1-A498-57119A220F2E}.Release|x86.ActiveCfg = Release|Any CPU
		{076B3858-B112-4143-9103-8379334A9192}.Debug|.NET.ActiveCfg = Debug|Any CPU
		{076B3858-B112-4143-9103-8379334A9192}.Debug|Any CPU.ActiveCfg = Debug|Any CPU
		{076B3858-B112-4143-9103-8379334A9192}.Debug|Mixed Platforms.ActiveCfg = Debug|Any CPU
		{076B3858-B112-4143-9103-8379334A9192}.Debug|x86.ActiveCfg = Debug|Any CPU
		{076B3858-B112-4143-9103-8379334A9192}.Release|.NET.ActiveCfg = Release|Any CPU
		{076B3858-B112-4143-9103-8379334A9192}.Release|Any CPU.ActiveCfg = Release|Any CPU
		{076B3858-B112-4143-9103-8379334A9192}.Release|Mixed Platforms.ActiveCfg = Release|Any CPU
		{076B3858-B112-4143-9103-8379334A9192}.Release|x86.ActiveCfg = Release|Any CPU
		{DB304EEB-EA2B-4D26-B688-6595B4AFE262}.Debug|.NET.ActiveCfg = Debug|Any CPU
		{DB304EEB-EA2B-4D26-B688-6595B4AFE262}.Debug|Any CPU.ActiveCfg = Debug|Any CPU
		{DB304EEB-EA2B-4D26-B688-6595B4AFE262}.Debug|Any CPU.Build.0 = Debug|Any CPU
		{DB304EEB-EA2B-4D26-B688-6595B4AFE262}.Debug|Mixed Platforms.ActiveCfg = Debug|Any CPU
		{DB304EEB-EA2B-4D26-B688-6595B4AFE262}.Debug|Mixed Platforms.Build.0 = Debug|Any CPU
		{DB304EEB-EA2B-4D26-B688-6595B4AFE262}.Debug|x86.ActiveCfg = Debug|Any CPU
		{DB304EEB-EA2B-4D26-B688-6595B4AFE262}.Release|.NET.ActiveCfg = Release|Any CPU
		{DB304EEB-EA2B-4D26-B688-6595B4AFE262}.Release|Any CPU.ActiveCfg = Release|Any CPU
		{DB304EEB-EA2B-4D26-B688-6595B4AFE262}.Release|Mixed Platforms.ActiveCfg = Release|Any CPU
		{DB304EEB-EA2B-4D26-B688-6595B4AFE262}.Release|Mixed Platforms.Build.0 = Release|Any CPU
		{DB304EEB-EA2B-4D26-B688-6595B4AFE262}.Release|x86.ActiveCfg = Release|Any CPU
		{EA27FBC7-5B62-45F8-954E-53313862C5C5}.Debug|.NET.ActiveCfg = Debug|x86
		{EA27FBC7-5B62-45F8-954E-53313862C5C5}.Debug|Any CPU.ActiveCfg = Debug|x86
		{EA27FBC7-5B62-45F8-954E-53313862C5C5}.Debug|Mixed Platforms.ActiveCfg = Debug|x86
		{EA27FBC7-5B62-45F8-954E-53313862C5C5}.Debug|Mixed Platforms.Build.0 = Debug|x86
		{EA27FBC7-5B62-45F8-954E-53313862C5C5}.Debug|x86.ActiveCfg = Debug|x86
		{EA27FBC7-5B62-45F8-954E-53313862C5C5}.Debug|x86.Build.0 = Debug|x86
		{EA27FBC7-5B62-45F8-954E-53313862C5C5}.Release|.NET.ActiveCfg = Release|x86
		{EA27FBC7-5B62-45F8-954E-53313862C5C5}.Release|Any CPU.ActiveCfg = Release|x86
		{EA27FBC7-5B62-45F8-954E-53313862C5C5}.Release|Mixed Platforms.ActiveCfg = Release|x86
		{EA27FBC7-5B62-45F8-954E-53313862C5C5}.Release|Mixed Platforms.Build.0 = Release|x86
		{EA27FBC7-5B62-45F8-954E-53313862C5C5}.Release|x86.ActiveCfg = Release|x86
		{EA27FBC7-5B62-45F8-954E-53313862C5C5}.Release|x86.Build.0 = Release|x86
		{C9BAF744-B070-41A4-9A63-A6BCAC5B3391}.Debug|.NET.ActiveCfg = Debug|x86
		{C9BAF744-B070-41A4-9A63-A6BCAC5B3391}.Debug|Any CPU.ActiveCfg = Debug|x86
		{C9BAF744-B070-41A4-9A63-A6BCAC5B3391}.Debug|Mixed Platforms.ActiveCfg = Debug|x86
		{C9BAF744-B070-41A4-9A63-A6BCAC5B3391}.Debug|Mixed Platforms.Build.0 = Debug|x86
		{C9BAF744-B070-41A4-9A63-A6BCAC5B3391}.Debug|x86.ActiveCfg = Debug|x86
		{C9BAF744-B070-41A4-9A63-A6BCAC5B3391}.Debug|x86.Build.0 = Debug|x86
		{C9BAF744-B070-41A4-9A63-A6BCAC5B3391}.Release|.NET.ActiveCfg = Release|x86
		{C9BAF744-B070-41A4-9A63-A6BCAC5B3391}.Release|Any CPU.ActiveCfg = Release|x86
		{C9BAF744-B070-41A4-9A63-A6BCAC5B3391}.Release|Mixed Platforms.ActiveCfg = Release|x86
		{C9BAF744-B070-41A4-9A63-A6BCAC5B3391}.Release|Mixed Platforms.Build.0 = Release|x86
		{C9BAF744-B070-41A4-9A63-A6BCAC5B3391}.Release|x86.ActiveCfg = Release|x86
		{C9BAF744-B070-41A4-9A63-A6BCAC5B3391}.Release|x86.Build.0 = Release|x86
		{090FB365-FCD9-4F4D-8094-526987E2A12B}.Debug|.NET.ActiveCfg = Debug|Any CPU
		{090FB365-FCD9-4F4D-8094-526987E2A12B}.Debug|Any CPU.ActiveCfg = Debug|Any CPU
		{090FB365-FCD9-4F4D-8094-526987E2A12B}.Debug|Any CPU.Build.0 = Debug|Any CPU
		{090FB365-FCD9-4F4D-8094-526987E2A12B}.Debug|Mixed Platforms.ActiveCfg = Debug|Any CPU
		{090FB365-FCD9-4F4D-8094-526987E2A12B}.Debug|Mixed Platforms.Build.0 = Debug|Any CPU
		{090FB365-FCD9-4F4D-8094-526987E2A12B}.Debug|x86.ActiveCfg = Debug|Any CPU
		{090FB365-FCD9-4F4D-8094-526987E2A12B}.Release|.NET.ActiveCfg = Debug|Any CPU
		{090FB365-FCD9-4F4D-8094-526987E2A12B}.Release|Any CPU.ActiveCfg = Debug|Any CPU
		{090FB365-FCD9-4F4D-8094-526987E2A12B}.Release|Mixed Platforms.ActiveCfg = Debug|Any CPU
		{090FB365-FCD9-4F4D-8094-526987E2A12B}.Release|Mixed Platforms.Build.0 = Debug|Any CPU
		{090FB365-FCD9-4F4D-8094-526987E2A12B}.Release|x86.ActiveCfg = Debug|Any CPU
		{3A3F5CCA-457A-49B3-971B-43CA9A87ED94}.Debug|.NET.ActiveCfg = Debug|Any CPU
		{3A3F5CCA-457A-49B3-971B-43CA9A87ED94}.Debug|Any CPU.ActiveCfg = Debug|Any CPU
		{3A3F5CCA-457A-49B3-971B-43CA9A87ED94}.Debug|Any CPU.Build.0 = Debug|Any CPU
		{3A3F5CCA-457A-49B3-971B-43CA9A87ED94}.Debug|Mixed Platforms.ActiveCfg = Debug|Any CPU
		{3A3F5CCA-457A-49B3-971B-43CA9A87ED94}.Debug|Mixed Platforms.Build.0 = Debug|Any CPU
		{3A3F5CCA-457A-49B3-971B-43CA9A87ED94}.Debug|x86.ActiveCfg = Debug|Any CPU
		{3A3F5CCA-457A-49B3-971B-43CA9A87ED94}.Release|.NET.ActiveCfg = Debug|Any CPU
		{3A3F5CCA-457A-49B3-971B-43CA9A87ED94}.Release|Any CPU.ActiveCfg = Debug|Any CPU
		{3A3F5CCA-457A-49B3-971B-43CA9A87ED94}.Release|Mixed Platforms.ActiveCfg = Debug|Any CPU
		{3A3F5CCA-457A-49B3-971B-43CA9A87ED94}.Release|Mixed Platforms.Build.0 = Debug|Any CPU
		{3A3F5CCA-457A-49B3-971B-43CA9A87ED94}.Release|x86.ActiveCfg = Debug|Any CPU
		{9EE3FA0C-D9BD-418A-A009-630236E6C4F7}.Debug|.NET.ActiveCfg = Debug|Any CPU
		{9EE3FA0C-D9BD-418A-A009-630236E6C4F7}.Debug|Any CPU.ActiveCfg = Debug|Any CPU
		{9EE3FA0C-D9BD-418A-A009-630236E6C4F7}.Debug|Any CPU.Build.0 = Debug|Any CPU
		{9EE3FA0C-D9BD-418A-A009-630236E6C4F7}.Debug|Mixed Platforms.ActiveCfg = Debug|Any CPU
		{9EE3FA0C-D9BD-418A-A009-630236E6C4F7}.Debug|Mixed Platforms.Build.0 = Debug|Any CPU
		{9EE3FA0C-D9BD-418A-A009-630236E6C4F7}.Debug|x86.ActiveCfg = Debug|Any CPU
		{9EE3FA0C-D9BD-418A-A009-630236E6C4F7}.Release|.NET.ActiveCfg = Debug|Any CPU
		{9EE3FA0C-D9BD-418A-A009-630236E6C4F7}.Release|Any CPU.ActiveCfg = Debug|Any CPU
		{9EE3FA0C-D9BD-418A-A009-630236E6C4F7}.Release|Mixed Platforms.ActiveCfg = Debug|Any CPU
		{9EE3FA0C-D9BD-418A-A009-630236E6C4F7}.Release|Mixed Platforms.Build.0 = Debug|Any CPU
		{9EE3FA0C-D9BD-418A-A009-630236E6C4F7}.Release|x86.ActiveCfg = Debug|Any CPU
	EndGlobalSection
	GlobalSection(SolutionProperties) = preSolution
		HideSolutionNode = FALSE
	EndGlobalSection
	GlobalSection(NestedProjects) = preSolution
		{D65729C8-6FEC-4851-9718-3DCF65A37D3E} = {3A7B46E7-D09D-4475-9789-3CCF3DCF41F1}
		{EA27FBC7-5B62-45F8-954E-53313862C5C5} = {3A7B46E7-D09D-4475-9789-3CCF3DCF41F1}
		{C9BAF744-B070-41A4-9A63-A6BCAC5B3391} = {3A7B46E7-D09D-4475-9789-3CCF3DCF41F1}
		{C38AB7E6-A20C-4ADD-B90F-762BAE5525AE} = {F53C3247-3FAE-435B-9CCB-A03692C1FCE0}
		{1ABB47A1-C174-4263-8734-A86CC9E0E824} = {F53C3247-3FAE-435B-9CCB-A03692C1FCE0}
		{3061F2D3-806F-4E79-8828-10B04E151197} = {F53C3247-3FAE-435B-9CCB-A03692C1FCE0}
		{20EEA24F-1FD8-4F30-956C-0B1CC6017DF0} = {F53C3247-3FAE-435B-9CCB-A03692C1FCE0}
		{6C4F70E8-4F0B-43D1-A498-57119A220F2E} = {F53C3247-3FAE-435B-9CCB-A03692C1FCE0}
		{53A5B6B9-1284-4024-B740-32D9E4CBBDE1} = {9FB1D816-DABF-439B-81EB-D3E3E0FD35D7}
		{8ABBDFC3-BFDF-4570-B087-74E06EA1200C} = {9FB1D816-DABF-439B-81EB-D3E3E0FD35D7}
		{090FB365-FCD9-4F4D-8094-526987E2A12B} = {8807198B-C191-40E7-9F50-1129A4796928}
		{3A3F5CCA-457A-49B3-971B-43CA9A87ED94} = {8807198B-C191-40E7-9F50-1129A4796928}
		{9EE3FA0C-D9BD-418A-A009-630236E6C4F7} = {8807198B-C191-40E7-9F50-1129A4796928}
	EndGlobalSection
	GlobalSection(ExtensibilityGlobals) = postSolution
		VisualSVNWorkingCopyRoot = .
	EndGlobalSection
EndGlobal
